// !$*UTF8*$!
{
	archiveVersion = 1;
	classes = {
	};
	objectVersion = 50;
	objects = {

/* Begin PBXBuildFile section */
		6A258A7C2675E4E600E699FD /* Extension.swift in Sources */ = {isa = PBXBuildFile; fileRef = 6A258A7B2675E4E600E699FD /* Extension.swift */; };
		6A9EA8C226733F400015A563 /* AppDelegate.swift in Sources */ = {isa = PBXBuildFile; fileRef = 6A9EA8C126733F400015A563 /* AppDelegate.swift */; };
		6A9EA8C426733F400015A563 /* SceneDelegate.swift in Sources */ = {isa = PBXBuildFile; fileRef = 6A9EA8C326733F400015A563 /* SceneDelegate.swift */; };
		6A9EA8C626733F400015A563 /* ConversationsViewController.swift in Sources */ = {isa = PBXBuildFile; fileRef = 6A9EA8C526733F400015A563 /* ConversationsViewController.swift */; };
		6A9EA8C926733F400015A563 /* Main.storyboard in Resources */ = {isa = PBXBuildFile; fileRef = 6A9EA8C726733F400015A563 /* Main.storyboard */; };
		6A9EA8CE26733F400015A563 /* LaunchScreen.storyboard in Resources */ = {isa = PBXBuildFile; fileRef = 6A9EA8CC26733F400015A563 /* LaunchScreen.storyboard */; };
		6A9EA8DC267342720015A563 /* LoginViewController.swift in Sources */ = {isa = PBXBuildFile; fileRef = 6A9EA8DB267342720015A563 /* LoginViewController.swift */; };
		6A9EA8DE2673428E0015A563 /* RegisterViewController.swift in Sources */ = {isa = PBXBuildFile; fileRef = 6A9EA8DD2673428E0015A563 /* RegisterViewController.swift */; };
		6A9EA8E0267342D60015A563 /* PhotoViewerViewController.swift in Sources */ = {isa = PBXBuildFile; fileRef = 6A9EA8DF267342D60015A563 /* PhotoViewerViewController.swift */; };
		6A9EA8E2267342E90015A563 /* VideoPlayerViewController.swift in Sources */ = {isa = PBXBuildFile; fileRef = 6A9EA8E1267342E90015A563 /* VideoPlayerViewController.swift */; };
		6A9EA8E4267343370015A563 /* NewConversationViewController.swift in Sources */ = {isa = PBXBuildFile; fileRef = 6A9EA8E3267343370015A563 /* NewConversationViewController.swift */; };
		6A9EA8E62673438E0015A563 /* ProfileViewController.swift in Sources */ = {isa = PBXBuildFile; fileRef = 6A9EA8E52673438E0015A563 /* ProfileViewController.swift */; };
		6AD747BA2673A90F0061F5BA /* Assets.xcassets in Resources */ = {isa = PBXBuildFile; fileRef = 6AD747B92673A90F0061F5BA /* Assets.xcassets */; };
/* End PBXBuildFile section */

/* Begin PBXFileReference section */
		6A258A7B2675E4E600E699FD /* Extension.swift */ = {isa = PBXFileReference; lastKnownFileType = sourcecode.swift; path = Extension.swift; sourceTree = "<group>"; };
		6A9EA8BE26733F400015A563 /* MessengerApp.app */ = {isa = PBXFileReference; explicitFileType = wrapper.application; includeInIndex = 0; path = MessengerApp.app; sourceTree = BUILT_PRODUCTS_DIR; };
		6A9EA8C126733F400015A563 /* AppDelegate.swift */ = {isa = PBXFileReference; lastKnownFileType = sourcecode.swift; path = AppDelegate.swift; sourceTree = "<group>"; };
		6A9EA8C326733F400015A563 /* SceneDelegate.swift */ = {isa = PBXFileReference; lastKnownFileType = sourcecode.swift; path = SceneDelegate.swift; sourceTree = "<group>"; };
		6A9EA8C526733F400015A563 /* ConversationsViewController.swift */ = {isa = PBXFileReference; lastKnownFileType = sourcecode.swift; path = ConversationsViewController.swift; sourceTree = "<group>"; };
		6A9EA8C826733F400015A563 /* Base */ = {isa = PBXFileReference; lastKnownFileType = file.storyboard; name = Base; path = Base.lproj/Main.storyboard; sourceTree = "<group>"; };
		6A9EA8CD26733F400015A563 /* Base */ = {isa = PBXFileReference; lastKnownFileType = file.storyboard; name = Base; path = Base.lproj/LaunchScreen.storyboard; sourceTree = "<group>"; };
		6A9EA8CF26733F400015A563 /* Info.plist */ = {isa = PBXFileReference; lastKnownFileType = text.plist.xml; path = Info.plist; sourceTree = "<group>"; };
		6A9EA8DB267342720015A563 /* LoginViewController.swift */ = {isa = PBXFileReference; lastKnownFileType = sourcecode.swift; path = LoginViewController.swift; sourceTree = "<group>"; };
		6A9EA8DD2673428E0015A563 /* RegisterViewController.swift */ = {isa = PBXFileReference; lastKnownFileType = sourcecode.swift; path = RegisterViewController.swift; sourceTree = "<group>"; };
		6A9EA8DF267342D60015A563 /* PhotoViewerViewController.swift */ = {isa = PBXFileReference; lastKnownFileType = sourcecode.swift; path = PhotoViewerViewController.swift; sourceTree = "<group>"; };
		6A9EA8E1267342E90015A563 /* VideoPlayerViewController.swift */ = {isa = PBXFileReference; lastKnownFileType = sourcecode.swift; path = VideoPlayerViewController.swift; sourceTree = "<group>"; };
		6A9EA8E3267343370015A563 /* NewConversationViewController.swift */ = {isa = PBXFileReference; lastKnownFileType = sourcecode.swift; path = NewConversationViewController.swift; sourceTree = "<group>"; };
		6A9EA8E52673438E0015A563 /* ProfileViewController.swift */ = {isa = PBXFileReference; lastKnownFileType = sourcecode.swift; path = ProfileViewController.swift; sourceTree = "<group>"; };
		6AD747B92673A90F0061F5BA /* Assets.xcassets */ = {isa = PBXFileReference; lastKnownFileType = folder.assetcatalog; path = Assets.xcassets; sourceTree = "<group>"; };
/* End PBXFileReference section */

/* Begin PBXFrameworksBuildPhase section */
		6A9EA8BB26733F400015A563 /* Frameworks */ = {
			isa = PBXFrameworksBuildPhase;
			buildActionMask = 2147483647;
			files = (
			);
			runOnlyForDeploymentPostprocessing = 0;
		};
/* End PBXFrameworksBuildPhase section */

/* Begin PBXGroup section */
		6A9EA8B526733F400015A563 = {
			isa = PBXGroup;
			children = (
				6A9EA8C026733F400015A563 /* MessengerApp */,
				6A9EA8BF26733F400015A563 /* Products */,
			);
			sourceTree = "<group>";
		};
		6A9EA8BF26733F400015A563 /* Products */ = {
			isa = PBXGroup;
			children = (
				6A9EA8BE26733F400015A563 /* MessengerApp.app */,
			);
			name = Products;
			sourceTree = "<group>";
		};
		6A9EA8C026733F400015A563 /* MessengerApp */ = {
			isa = PBXGroup;
			children = (
				6A9EA8D9267340F10015A563 /* Resources */,
				6A9EA8D8267340E60015A563 /* ViewModels */,
				6A9EA8D7267340E10015A563 /* Models */,
				6A9EA8D6267340DD0015A563 /* Views */,
				6A9EA8D5267340D50015A563 /* Controllers */,
				6A9EA8CF26733F400015A563 /* Info.plist */,
			);
			path = MessengerApp;
			sourceTree = "<group>";
		};
		6A9EA8D5267340D50015A563 /* Controllers */ = {
			isa = PBXGroup;
			children = (
				6A9EA8C526733F400015A563 /* ConversationsViewController.swift */,
				6AD747B82673A2750061F5BA /* LoginAndRegister */,
				6A9EA8DF267342D60015A563 /* PhotoViewerViewController.swift */,
				6A9EA8E1267342E90015A563 /* VideoPlayerViewController.swift */,
				6A9EA8E3267343370015A563 /* NewConversationViewController.swift */,
				6A9EA8E52673438E0015A563 /* ProfileViewController.swift */,
			);
			path = Controllers;
			sourceTree = "<group>";
		};
		6A9EA8D6267340DD0015A563 /* Views */ = {
			isa = PBXGroup;
			children = (
				6AD747B92673A90F0061F5BA /* Assets.xcassets */,
				6A9EA8DA267341400015A563 /* Storyboard */,
			);
			path = Views;
			sourceTree = "<group>";
		};
		6A9EA8D7267340E10015A563 /* Models */ = {
			isa = PBXGroup;
			children = (
			);
			path = Models;
			sourceTree = "<group>";
		};
		6A9EA8D8267340E60015A563 /* ViewModels */ = {
			isa = PBXGroup;
			children = (
			);
			path = ViewModels;
			sourceTree = "<group>";
		};
		6A9EA8D9267340F10015A563 /* Resources */ = {
			isa = PBXGroup;
			children = (
				6A9EA8C126733F400015A563 /* AppDelegate.swift */,
				6A9EA8C326733F400015A563 /* SceneDelegate.swift */,
				6A258A7B2675E4E600E699FD /* Extension.swift */,
			);
			path = Resources;
			sourceTree = "<group>";
		};
		6A9EA8DA267341400015A563 /* Storyboard */ = {
			isa = PBXGroup;
			children = (
				6A9EA8C726733F400015A563 /* Main.storyboard */,
				6A9EA8CC26733F400015A563 /* LaunchScreen.storyboard */,
			);
			path = Storyboard;
			sourceTree = "<group>";
		};
		6AD747B82673A2750061F5BA /* LoginAndRegister */ = {
			isa = PBXGroup;
			children = (
				6A9EA8DB267342720015A563 /* LoginViewController.swift */,
				6A9EA8DD2673428E0015A563 /* RegisterViewController.swift */,
			);
			path = LoginAndRegister;
			sourceTree = "<group>";
		};
/* End PBXGroup section */

/* Begin PBXNativeTarget section */
		6A9EA8BD26733F400015A563 /* MessengerApp */ = {
			isa = PBXNativeTarget;
			buildConfigurationList = 6A9EA8D226733F400015A563 /* Build configuration list for PBXNativeTarget "MessengerApp" */;
			buildPhases = (
				6A9EA8BA26733F400015A563 /* Sources */,
				6A9EA8BB26733F400015A563 /* Frameworks */,
				6A9EA8BC26733F400015A563 /* Resources */,
			);
			buildRules = (
			);
			dependencies = (
			);
			name = MessengerApp;
			productName = MessengerApp;
			productReference = 6A9EA8BE26733F400015A563 /* MessengerApp.app */;
			productType = "com.apple.product-type.application";
		};
/* End PBXNativeTarget section */

/* Begin PBXProject section */
		6A9EA8B626733F400015A563 /* Project object */ = {
			isa = PBXProject;
			attributes = {
				LastSwiftUpdateCheck = 1250;
				LastUpgradeCheck = 1250;
				TargetAttributes = {
					6A9EA8BD26733F400015A563 = {
						CreatedOnToolsVersion = 12.5;
					};
				};
			};
			buildConfigurationList = 6A9EA8B926733F400015A563 /* Build configuration list for PBXProject "MessengerApp" */;
			compatibilityVersion = "Xcode 9.3";
			developmentRegion = en;
			hasScannedForEncodings = 0;
			knownRegions = (
				en,
				Base,
			);
			mainGroup = 6A9EA8B526733F400015A563;
			productRefGroup = 6A9EA8BF26733F400015A563 /* Products */;
			projectDirPath = "";
			projectRoot = "";
			targets = (
				6A9EA8BD26733F400015A563 /* MessengerApp */,
			);
		};
/* End PBXProject section */

/* Begin PBXResourcesBuildPhase section */
		6A9EA8BC26733F400015A563 /* Resources */ = {
			isa = PBXResourcesBuildPhase;
			buildActionMask = 2147483647;
			files = (
				6A9EA8CE26733F400015A563 /* LaunchScreen.storyboard in Resources */,
				6AD747BA2673A90F0061F5BA /* Assets.xcassets in Resources */,
				6A9EA8C926733F400015A563 /* Main.storyboard in Resources */,
			);
			runOnlyForDeploymentPostprocessing = 0;
		};
/* End PBXResourcesBuildPhase section */

/* Begin PBXSourcesBuildPhase section */
		6A9EA8BA26733F400015A563 /* Sources */ = {
			isa = PBXSourcesBuildPhase;
			buildActionMask = 2147483647;
			files = (
				6A9EA8DC267342720015A563 /* LoginViewController.swift in Sources */,
				6A9EA8DE2673428E0015A563 /* RegisterViewController.swift in Sources */,
				6A9EA8E4267343370015A563 /* NewConversationViewController.swift in Sources */,
				6A9EA8C626733F400015A563 /* ConversationsViewController.swift in Sources */,
				6A9EA8E2267342E90015A563 /* VideoPlayerViewController.swift in Sources */,
				6A258A7C2675E4E600E699FD /* Extension.swift in Sources */,
				6A9EA8C226733F400015A563 /* AppDelegate.swift in Sources */,
				6A9EA8E62673438E0015A563 /* ProfileViewController.swift in Sources */,
				6A9EA8C426733F400015A563 /* SceneDelegate.swift in Sources */,
				6A9EA8E0267342D60015A563 /* PhotoViewerViewController.swift in Sources */,
			);
			runOnlyForDeploymentPostprocessing = 0;
		};
/* End PBXSourcesBuildPhase section */

/* Begin PBXVariantGroup section */
		6A9EA8C726733F400015A563 /* Main.storyboard */ = {
			isa = PBXVariantGroup;
			children = (
				6A9EA8C826733F400015A563 /* Base */,
			);
			name = Main.storyboard;
			sourceTree = "<group>";
		};
		6A9EA8CC26733F400015A563 /* LaunchScreen.storyboard */ = {
			isa = PBXVariantGroup;
			children = (
				6A9EA8CD26733F400015A563 /* Base */,
			);
			name = LaunchScreen.storyboard;
			sourceTree = "<group>";
		};
/* End PBXVariantGroup section */

/* Begin XCBuildConfiguration section */
		6A9EA8D026733F400015A563 /* Debug */ = {
			isa = XCBuildConfiguration;
			buildSettings = {
				ALWAYS_SEARCH_USER_PATHS = NO;
				CLANG_ANALYZER_NONNULL = YES;
				CLANG_ANALYZER_NUMBER_OBJECT_CONVERSION = YES_AGGRESSIVE;
				CLANG_CXX_LANGUAGE_STANDARD = "gnu++14";
				CLANG_CXX_LIBRARY = "libc++";
				CLANG_ENABLE_MODULES = YES;
				CLANG_ENABLE_OBJC_ARC = YES;
				CLANG_ENABLE_OBJC_WEAK = YES;
				CLANG_WARN_BLOCK_CAPTURE_AUTORELEASING = YES;
				CLANG_WARN_BOOL_CONVERSION = YES;
				CLANG_WARN_COMMA = YES;
				CLANG_WARN_CONSTANT_CONVERSION = YES;
				CLANG_WARN_DEPRECATED_OBJC_IMPLEMENTATIONS = YES;
				CLANG_WARN_DIRECT_OBJC_ISA_USAGE = YES_ERROR;
				CLANG_WARN_DOCUMENTATION_COMMENTS = YES;
				CLANG_WARN_EMPTY_BODY = YES;
				CLANG_WARN_ENUM_CONVERSION = YES;
				CLANG_WARN_INFINITE_RECURSION = YES;
				CLANG_WARN_INT_CONVERSION = YES;
				CLANG_WARN_NON_LITERAL_NULL_CONVERSION = YES;
				CLANG_WARN_OBJC_IMPLICIT_RETAIN_SELF = YES;
				CLANG_WARN_OBJC_LITERAL_CONVERSION = YES;
				CLANG_WARN_OBJC_ROOT_CLASS = YES_ERROR;
				CLANG_WARN_QUOTED_INCLUDE_IN_FRAMEWORK_HEADER = YES;
				CLANG_WARN_RANGE_LOOP_ANALYSIS = YES;
				CLANG_WARN_STRICT_PROTOTYPES = YES;
				CLANG_WARN_SUSPICIOUS_MOVE = YES;
				CLANG_WARN_UNGUARDED_AVAILABILITY = YES_AGGRESSIVE;
				CLANG_WARN_UNREACHABLE_CODE = YES;
				CLANG_WARN__DUPLICATE_METHOD_MATCH = YES;
				COPY_PHASE_STRIP = NO;
				DEBUG_INFORMATION_FORMAT = dwarf;
				ENABLE_STRICT_OBJC_MSGSEND = YES;
				ENABLE_TESTABILITY = YES;
				GCC_C_LANGUAGE_STANDARD = gnu11;
				GCC_DYNAMIC_NO_PIC = NO;
				GCC_NO_COMMON_BLOCKS = YES;
				GCC_OPTIMIZATION_LEVEL = 0;
				GCC_PREPROCESSOR_DEFINITIONS = (
					"DEBUG=1",
					"$(inherited)",
				);
				GCC_WARN_64_TO_32_BIT_CONVERSION = YES;
				GCC_WARN_ABOUT_RETURN_TYPE = YES_ERROR;
				GCC_WARN_UNDECLARED_SELECTOR = YES;
				GCC_WARN_UNINITIALIZED_AUTOS = YES_AGGRESSIVE;
				GCC_WARN_UNUSED_FUNCTION = YES;
				GCC_WARN_UNUSED_VARIABLE = YES;
				IPHONEOS_DEPLOYMENT_TARGET = 14.5;
				MTL_ENABLE_DEBUG_INFO = INCLUDE_SOURCE;
				MTL_FAST_MATH = YES;
				ONLY_ACTIVE_ARCH = YES;
				SDKROOT = iphoneos;
				SWIFT_ACTIVE_COMPILATION_CONDITIONS = DEBUG;
				SWIFT_OPTIMIZATION_LEVEL = "-Onone";
			};
			name = Debug;
		};
		6A9EA8D126733F400015A563 /* Release */ = {
			isa = XCBuildConfiguration;
			buildSettings = {
				ALWAYS_SEARCH_USER_PATHS = NO;
				CLANG_ANALYZER_NONNULL = YES;
				CLANG_ANALYZER_NUMBER_OBJECT_CONVERSION = YES_AGGRESSIVE;
				CLANG_CXX_LANGUAGE_STANDARD = "gnu++14";
				CLANG_CXX_LIBRARY = "libc++";
				CLANG_ENABLE_MODULES = YES;
				CLANG_ENABLE_OBJC_ARC = YES;
				CLANG_ENABLE_OBJC_WEAK = YES;
				CLANG_WARN_BLOCK_CAPTURE_AUTORELEASING = YES;
				CLANG_WARN_BOOL_CONVERSION = YES;
				CLANG_WARN_COMMA = YES;
				CLANG_WARN_CONSTANT_CONVERSION = YES;
				CLANG_WARN_DEPRECATED_OBJC_IMPLEMENTATIONS = YES;
				CLANG_WARN_DIRECT_OBJC_ISA_USAGE = YES_ERROR;
				CLANG_WARN_DOCUMENTATION_COMMENTS = YES;
				CLANG_WARN_EMPTY_BODY = YES;
				CLANG_WARN_ENUM_CONVERSION = YES;
				CLANG_WARN_INFINITE_RECURSION = YES;
				CLANG_WARN_INT_CONVERSION = YES;
				CLANG_WARN_NON_LITERAL_NULL_CONVERSION = YES;
				CLANG_WARN_OBJC_IMPLICIT_RETAIN_SELF = YES;
				CLANG_WARN_OBJC_LITERAL_CONVERSION = YES;
				CLANG_WARN_OBJC_ROOT_CLASS = YES_ERROR;
				CLANG_WARN_QUOTED_INCLUDE_IN_FRAMEWORK_HEADER = YES;
				CLANG_WARN_RANGE_LOOP_ANALYSIS = YES;
				CLANG_WARN_STRICT_PROTOTYPES = YES;
				CLANG_WARN_SUSPICIOUS_MOVE = YES;
				CLANG_WARN_UNGUARDED_AVAILABILITY = YES_AGGRESSIVE;
				CLANG_WARN_UNREACHABLE_CODE = YES;
				CLANG_WARN__DUPLICATE_METHOD_MATCH = YES;
				COPY_PHASE_STRIP = NO;
				DEBUG_INFORMATION_FORMAT = "dwarf-with-dsym";
				ENABLE_NS_ASSERTIONS = NO;
				ENABLE_STRICT_OBJC_MSGSEND = YES;
				GCC_C_LANGUAGE_STANDARD = gnu11;
				GCC_NO_COMMON_BLOCKS = YES;
				GCC_WARN_64_TO_32_BIT_CONVERSION = YES;
				GCC_WARN_ABOUT_RETURN_TYPE = YES_ERROR;
				GCC_WARN_UNDECLARED_SELECTOR = YES;
				GCC_WARN_UNINITIALIZED_AUTOS = YES_AGGRESSIVE;
				GCC_WARN_UNUSED_FUNCTION = YES;
				GCC_WARN_UNUSED_VARIABLE = YES;
				IPHONEOS_DEPLOYMENT_TARGET = 14.5;
				MTL_ENABLE_DEBUG_INFO = NO;
				MTL_FAST_MATH = YES;
				SDKROOT = iphoneos;
				SWIFT_COMPILATION_MODE = wholemodule;
				SWIFT_OPTIMIZATION_LEVEL = "-O";
				VALIDATE_PRODUCT = YES;
			};
			name = Release;
		};
		6A9EA8D326733F400015A563 /* Debug */ = {
			isa = XCBuildConfiguration;
			buildSettings = {
				ASSETCATALOG_COMPILER_APPICON_NAME = AppIcon;
				ASSETCATALOG_COMPILER_GLOBAL_ACCENT_COLOR_NAME = AccentColor;
				CODE_SIGN_STYLE = Automatic;
				DEVELOPMENT_TEAM = 64WAG22Y2J;
				INFOPLIST_FILE = MessengerApp/Info.plist;
				LD_RUNPATH_SEARCH_PATHS = (
					"$(inherited)",
					"@executable_path/Frameworks",
				);
				PRODUCT_BUNDLE_IDENTIFIER = vincentGeranium.MessengerApp;
				PRODUCT_NAME = "$(TARGET_NAME)";
				SWIFT_VERSION = 5.0;
				TARGETED_DEVICE_FAMILY = "1,2";
			};
			name = Debug;
		};
		6A9EA8D426733F400015A563 /* Release */ = {
			isa = XCBuildConfiguration;
			buildSettings = {
				ASSETCATALOG_COMPILER_APPICON_NAME = AppIcon;
				ASSETCATALOG_COMPILER_GLOBAL_ACCENT_COLOR_NAME = AccentColor;
				CODE_SIGN_STYLE = Automatic;
				DEVELOPMENT_TEAM = 64WAG22Y2J;
				INFOPLIST_FILE = MessengerApp/Info.plist;
				LD_RUNPATH_SEARCH_PATHS = (
					"$(inherited)",
					"@executable_path/Frameworks",
				);
				PRODUCT_BUNDLE_IDENTIFIER = vincentGeranium.MessengerApp;
				PRODUCT_NAME = "$(TARGET_NAME)";
				SWIFT_VERSION = 5.0;
				TARGETED_DEVICE_FAMILY = "1,2";
			};
			name = Release;
		};
/* End XCBuildConfiguration section */

/* Begin XCConfigurationList section */
		6A9EA8B926733F400015A563 /* Build configuration list for PBXProject "MessengerApp" */ = {
			isa = XCConfigurationList;
			buildConfigurations = (
				6A9EA8D026733F400015A563 /* Debug */,
				6A9EA8D126733F400015A563 /* Release */,
			);
			defaultConfigurationIsVisible = 0;
			defaultConfigurationName = Release;
		};
		6A9EA8D226733F400015A563 /* Build configuration list for PBXNativeTarget "MessengerApp" */ = {
			isa = XCConfigurationList;
			buildConfigurations = (
				6A9EA8D326733F400015A563 /* Debug */,
				6A9EA8D426733F400015A563 /* Release */,
			);
			defaultConfigurationIsVisible = 0;
			defaultConfigurationName = Release;
		};
/* End XCConfigurationList section */
	};
	rootObject = 6A9EA8B626733F400015A563 /* Project object */;
}
